
Microsoft Visual Studio Solution File, Format Version 12.00
# Visual Studio Version 16
VisualStudioVersion = 16.0.34031.81
MinimumVisualStudioVersion = 10.0.40219.1
Project("{8BC9CEB8-8B4A-11D0-8D11-00A0C91BC942}") = "Juego Damas IA", "Juego Damas IA\Juego Damas IA.vcxproj", "{A0CAF2AD-411D-4813-A0CC-2EC1AE306E37}"
EndProject
Global
	GlobalSection(SolutionConfigurationPlatforms) = preSolution
		Debug|x64 = Debug|x64
		Debug|x86 = Debug|x86
		Release|x64 = Release|x64
		Release|x86 = Release|x86
	EndGlobalSection
	GlobalSection(ProjectConfigurationPlatforms) = postSolution
		{A0CAF2AD-411D-4813-A0CC-2EC1AE306E37}.Debug|x64.ActiveCfg = Debug|x64
		{A0CAF2AD-411D-4813-A0CC-2EC1AE306E37}.Debug|x64.Build.0 = Debug|x64
		{A0CAF2AD-411D-4813-A0CC-2EC1AE306E37}.Debug|x86.ActiveCfg = Debug|Win32
		{A0CAF2AD-411D-4813-A0CC-2EC1AE306E37}.Debug|x86.Build.0 = Debug|Win32
		{A0CAF2AD-411D-4813-A0CC-2EC1AE306E37}.Release|x64.ActiveCfg = Release|x64
		{A0CAF2AD-411D-4813-A0CC-2EC1AE306E37}.Release|x64.Build.0 = Release|x64
		{A0CAF2AD-411D-4813-A0CC-2EC1AE306E37}.Release|x86.ActiveCfg = Release|Win32
		{A0CAF2AD-411D-4813-A0CC-2EC1AE306E37}.Release|x86.Build.0 = Release|Win32
	EndGlobalSection
	GlobalSection(SolutionProperties) = preSolution
		HideSolutionNode = FALSE
	EndGlobalSection
	GlobalSection(ExtensibilityGlobals) = postSolution
		SolutionGuid = {A0595592-8EB9-437C-96DF-C47A9999116B}
	EndGlobalSection
EndGlobal
